// !$*UTF8*$!
{
	archiveVersion = 1;
	classes = {
	};
	objectVersion = 46;
	objects = {

/* Begin PBXBuildFile section */
		3ECC3D291B4267AE00061BB2 /* AppDelegate.swift in Sources */ = {isa = PBXBuildFile; fileRef = 3ECC3D281B4267AE00061BB2 /* AppDelegate.swift */; };
		3ECC3D2B1B4267AE00061BB2 /* ViewController.swift in Sources */ = {isa = PBXBuildFile; fileRef = 3ECC3D2A1B4267AE00061BB2 /* ViewController.swift */; };
		3ECC3D2E1B4267AE00061BB2 /* Main.storyboard in Resources */ = {isa = PBXBuildFile; fileRef = 3ECC3D2C1B4267AE00061BB2 /* Main.storyboard */; };
		3ECC3D301B4267AE00061BB2 /* Images.xcassets in Resources */ = {isa = PBXBuildFile; fileRef = 3ECC3D2F1B4267AE00061BB2 /* Images.xcassets */; };
		3ECC3D331B4267AE00061BB2 /* LaunchScreen.xib in Resources */ = {isa = PBXBuildFile; fileRef = 3ECC3D311B4267AE00061BB2 /* LaunchScreen.xib */; };
		3ECC3D3F1B4267AF00061BB2 /* AutoLayoutButtonInCellTests.swift in Sources */ = {isa = PBXBuildFile; fileRef = 3ECC3D3E1B4267AF00061BB2 /* AutoLayoutButtonInCellTests.swift */; };
		3ECC3D491B4267FA00061BB2 /* CustomCell.xib in Resources */ = {isa = PBXBuildFile; fileRef = 3ECC3D481B4267FA00061BB2 /* CustomCell.xib */; };
		3ECC3D4B1B42682C00061BB2 /* CustomCell.swift in Sources */ = {isa = PBXBuildFile; fileRef = 3ECC3D4A1B42682C00061BB2 /* CustomCell.swift */; };
		B28FF4F288C73EC051AAE66D /* libPods.a in Frameworks */ = {isa = PBXBuildFile; fileRef = 5CCB89B762E08052119F31C0 /* libPods.a */; };
/* End PBXBuildFile section */

/* Begin PBXContainerItemProxy section */
		3ECC3D391B4267AF00061BB2 /* PBXContainerItemProxy */ = {
			isa = PBXContainerItemProxy;
			containerPortal = 3ECC3D1B1B4267AE00061BB2 /* Project object */;
			proxyType = 1;
			remoteGlobalIDString = 3ECC3D221B4267AE00061BB2;
			remoteInfo = AutoLayoutButtonInCell;
		};
/* End PBXContainerItemProxy section */

/* Begin PBXFileReference section */
		32CD8258B10F47CC8EBD50E9 /* Pods.release.xcconfig */ = {isa = PBXFileReference; includeInIndex = 1; lastKnownFileType = text.xcconfig; name = Pods.release.xcconfig; path = "Pods/Target Support Files/Pods/Pods.release.xcconfig"; sourceTree = "<group>"; };
		3E4F3BFE1B42C219004DE0D3 /* AutoLayoutButtonInCell-BridgingHeader.h */ = {isa = PBXFileReference; lastKnownFileType = sourcecode.c.h; path = "AutoLayoutButtonInCell-BridgingHeader.h"; sourceTree = "<group>"; };
		3ECC3D231B4267AE00061BB2 /* AutoLayoutButtonInCell.app */ = {isa = PBXFileReference; explicitFileType = wrapper.application; includeInIndex = 0; path = AutoLayoutButtonInCell.app; sourceTree = BUILT_PRODUCTS_DIR; };
		3ECC3D271B4267AE00061BB2 /* Info.plist */ = {isa = PBXFileReference; lastKnownFileType = text.plist.xml; path = Info.plist; sourceTree = "<group>"; };
		3ECC3D281B4267AE00061BB2 /* AppDelegate.swift */ = {isa = PBXFileReference; lastKnownFileType = sourcecode.swift; path = AppDelegate.swift; sourceTree = "<group>"; };
		3ECC3D2A1B4267AE00061BB2 /* ViewController.swift */ = {isa = PBXFileReference; lastKnownFileType = sourcecode.swift; path = ViewController.swift; sourceTree = "<group>"; };
		3ECC3D2D1B4267AE00061BB2 /* Base */ = {isa = PBXFileReference; lastKnownFileType = file.storyboard; name = Base; path = Base.lproj/Main.storyboard; sourceTree = "<group>"; };
		3ECC3D2F1B4267AE00061BB2 /* Images.xcassets */ = {isa = PBXFileReference; lastKnownFileType = folder.assetcatalog; path = Images.xcassets; sourceTree = "<group>"; };
		3ECC3D321B4267AE00061BB2 /* Base */ = {isa = PBXFileReference; lastKnownFileType = file.xib; name = Base; path = Base.lproj/LaunchScreen.xib; sourceTree = "<group>"; };
		3ECC3D381B4267AF00061BB2 /* AutoLayoutButtonInCellTests.xctest */ = {isa = PBXFileReference; explicitFileType = wrapper.cfbundle; includeInIndex = 0; path = AutoLayoutButtonInCellTests.xctest; sourceTree = BUILT_PRODUCTS_DIR; };
		3ECC3D3D1B4267AF00061BB2 /* Info.plist */ = {isa = PBXFileReference; lastKnownFileType = text.plist.xml; path = Info.plist; sourceTree = "<group>"; };
		3ECC3D3E1B4267AF00061BB2 /* AutoLayoutButtonInCellTests.swift */ = {isa = PBXFileReference; lastKnownFileType = sourcecode.swift; path = AutoLayoutButtonInCellTests.swift; sourceTree = "<group>"; };
		3ECC3D481B4267FA00061BB2 /* CustomCell.xib */ = {isa = PBXFileReference; fileEncoding = 4; lastKnownFileType = file.xib; path = CustomCell.xib; sourceTree = "<group>"; };
		3ECC3D4A1B42682C00061BB2 /* CustomCell.swift */ = {isa = PBXFileReference; fileEncoding = 4; lastKnownFileType = sourcecode.swift; path = CustomCell.swift; sourceTree = "<group>"; };
		5CCB89B762E08052119F31C0 /* libPods.a */ = {isa = PBXFileReference; explicitFileType = archive.ar; includeInIndex = 0; path = libPods.a; sourceTree = BUILT_PRODUCTS_DIR; };
		C40A8E2096374C7919FC069F /* Pods.debug.xcconfig */ = {isa = PBXFileReference; includeInIndex = 1; lastKnownFileType = text.xcconfig; name = Pods.debug.xcconfig; path = "Pods/Target Support Files/Pods/Pods.debug.xcconfig"; sourceTree = "<group>"; };
/* End PBXFileReference section */

/* Begin PBXFrameworksBuildPhase section */
		3ECC3D201B4267AE00061BB2 /* Frameworks */ = {
			isa = PBXFrameworksBuildPhase;
			buildActionMask = 2147483647;
			files = (
				B28FF4F288C73EC051AAE66D /* libPods.a in Frameworks */,
			);
			runOnlyForDeploymentPostprocessing = 0;
		};
		3ECC3D351B4267AF00061BB2 /* Frameworks */ = {
			isa = PBXFrameworksBuildPhase;
			buildActionMask = 2147483647;
			files = (
			);
			runOnlyForDeploymentPostprocessing = 0;
		};
/* End PBXFrameworksBuildPhase section */

/* Begin PBXGroup section */
		3ECC3D1A1B4267AE00061BB2 = {
			isa = PBXGroup;
			children = (
				3ECC3D251B4267AE00061BB2 /* AutoLayoutButtonInCell */,
				3ECC3D3B1B4267AF00061BB2 /* AutoLayoutButtonInCellTests */,
				3ECC3D241B4267AE00061BB2 /* Products */,
				65119BF1616F0A4BD07D4361 /* Pods */,
				F896D62894F95D175F07B082 /* Frameworks */,
			);
			sourceTree = "<group>";
		};
		3ECC3D241B4267AE00061BB2 /* Products */ = {
			isa = PBXGroup;
			children = (
				3ECC3D231B4267AE00061BB2 /* AutoLayoutButtonInCell.app */,
				3ECC3D381B4267AF00061BB2 /* AutoLayoutButtonInCellTests.xctest */,
			);
			name = Products;
			sourceTree = "<group>";
		};
		3ECC3D251B4267AE00061BB2 /* AutoLayoutButtonInCell */ = {
			isa = PBXGroup;
			children = (
				3ECC3D281B4267AE00061BB2 /* AppDelegate.swift */,
				3ECC3D2A1B4267AE00061BB2 /* ViewController.swift */,
				3ECC3D2C1B4267AE00061BB2 /* Main.storyboard */,
				3ECC3D481B4267FA00061BB2 /* CustomCell.xib */,
				3ECC3D4A1B42682C00061BB2 /* CustomCell.swift */,
				3ECC3D2F1B4267AE00061BB2 /* Images.xcassets */,
				3ECC3D311B4267AE00061BB2 /* LaunchScreen.xib */,
				3ECC3D261B4267AE00061BB2 /* Supporting Files */,
			);
			path = AutoLayoutButtonInCell;
			sourceTree = "<group>";
		};
		3ECC3D261B4267AE00061BB2 /* Supporting Files */ = {
			isa = PBXGroup;
			children = (
				3ECC3D271B4267AE00061BB2 /* Info.plist */,
				3E4F3BFE1B42C219004DE0D3 /* AutoLayoutButtonInCell-BridgingHeader.h */,
			);
			name = "Supporting Files";
			sourceTree = "<group>";
		};
		3ECC3D3B1B4267AF00061BB2 /* AutoLayoutButtonInCellTests */ = {
			isa = PBXGroup;
			children = (
				3ECC3D3E1B4267AF00061BB2 /* AutoLayoutButtonInCellTests.swift */,
				3ECC3D3C1B4267AF00061BB2 /* Supporting Files */,
			);
			path = AutoLayoutButtonInCellTests;
			sourceTree = "<group>";
		};
		3ECC3D3C1B4267AF00061BB2 /* Supporting Files */ = {
			isa = PBXGroup;
			children = (
				3ECC3D3D1B4267AF00061BB2 /* Info.plist */,
			);
			name = "Supporting Files";
			sourceTree = "<group>";
		};
		65119BF1616F0A4BD07D4361 /* Pods */ = {
			isa = PBXGroup;
			children = (
				C40A8E2096374C7919FC069F /* Pods.debug.xcconfig */,
				32CD8258B10F47CC8EBD50E9 /* Pods.release.xcconfig */,
			);
			name = Pods;
			sourceTree = "<group>";
		};
		F896D62894F95D175F07B082 /* Frameworks */ = {
			isa = PBXGroup;
			children = (
				5CCB89B762E08052119F31C0 /* libPods.a */,
			);
			name = Frameworks;
			sourceTree = "<group>";
		};
/* End PBXGroup section */

/* Begin PBXNativeTarget section */
		3ECC3D221B4267AE00061BB2 /* AutoLayoutButtonInCell */ = {
			isa = PBXNativeTarget;
			buildConfigurationList = 3ECC3D421B4267AF00061BB2 /* Build configuration list for PBXNativeTarget "AutoLayoutButtonInCell" */;
			buildPhases = (
				1551F846A8631BB09E3BE480 /* Check Pods Manifest.lock */,
				3ECC3D1F1B4267AE00061BB2 /* Sources */,
				3ECC3D201B4267AE00061BB2 /* Frameworks */,
				3ECC3D211B4267AE00061BB2 /* Resources */,
				90A6ABF24A85550B3C1BC956 /* Copy Pods Resources */,
			);
			buildRules = (
			);
			dependencies = (
			);
			name = AutoLayoutButtonInCell;
			productName = AutoLayoutButtonInCell;
			productReference = 3ECC3D231B4267AE00061BB2 /* AutoLayoutButtonInCell.app */;
			productType = "com.apple.product-type.application";
		};
		3ECC3D371B4267AF00061BB2 /* AutoLayoutButtonInCellTests */ = {
			isa = PBXNativeTarget;
			buildConfigurationList = 3ECC3D451B4267AF00061BB2 /* Build configuration list for PBXNativeTarget "AutoLayoutButtonInCellTests" */;
			buildPhases = (
				3ECC3D341B4267AF00061BB2 /* Sources */,
				3ECC3D351B4267AF00061BB2 /* Frameworks */,
				3ECC3D361B4267AF00061BB2 /* Resources */,
			);
			buildRules = (
			);
			dependencies = (
				3ECC3D3A1B4267AF00061BB2 /* PBXTargetDependency */,
			);
			name = AutoLayoutButtonInCellTests;
			productName = AutoLayoutButtonInCellTests;
			productReference = 3ECC3D381B4267AF00061BB2 /* AutoLayoutButtonInCellTests.xctest */;
			productType = "com.apple.product-type.bundle.unit-test";
		};
/* End PBXNativeTarget section */

/* Begin PBXProject section */
		3ECC3D1B1B4267AE00061BB2 /* Project object */ = {
			isa = PBXProject;
			attributes = {
				LastUpgradeCheck = 0630;
				ORGANIZATIONNAME = kublaios;
				TargetAttributes = {
					3ECC3D221B4267AE00061BB2 = {
						CreatedOnToolsVersion = 6.3.2;
					};
					3ECC3D371B4267AF00061BB2 = {
						CreatedOnToolsVersion = 6.3.2;
						TestTargetID = 3ECC3D221B4267AE00061BB2;
					};
				};
			};
			buildConfigurationList = 3ECC3D1E1B4267AE00061BB2 /* Build configuration list for PBXProject "AutoLayoutButtonInCell" */;
			compatibilityVersion = "Xcode 3.2";
			developmentRegion = English;
			hasScannedForEncodings = 0;
			knownRegions = (
				en,
				Base,
			);
			mainGroup = 3ECC3D1A1B4267AE00061BB2;
			productRefGroup = 3ECC3D241B4267AE00061BB2 /* Products */;
			projectDirPath = "";
			projectRoot = "";
			targets = (
				3ECC3D221B4267AE00061BB2 /* AutoLayoutButtonInCell */,
				3ECC3D371B4267AF00061BB2 /* AutoLayoutButtonInCellTests */,
			);
		};
/* End PBXProject section */

/* Begin PBXResourcesBuildPhase section */
		3ECC3D211B4267AE00061BB2 /* Resources */ = {
			isa = PBXResourcesBuildPhase;
			buildActionMask = 2147483647;
			files = (
				3ECC3D2E1B4267AE00061BB2 /* Main.storyboard in Resources */,
				3ECC3D331B4267AE00061BB2 /* LaunchScreen.xib in Resources */,
				3ECC3D491B4267FA00061BB2 /* CustomCell.xib in Resources */,
				3ECC3D301B4267AE00061BB2 /* Images.xcassets in Resources */,
			);
			runOnlyForDeploymentPostprocessing = 0;
		};
		3ECC3D361B4267AF00061BB2 /* Resources */ = {
			isa = PBXResourcesBuildPhase;
			buildActionMask = 2147483647;
			files = (
			);
			runOnlyForDeploymentPostprocessing = 0;
		};
/* End PBXResourcesBuildPhase section */

/* Begin PBXShellScriptBuildPhase section */
		1551F846A8631BB09E3BE480 /* Check Pods Manifest.lock */ = {
			isa = PBXShellScriptBuildPhase;
			buildActionMask = 2147483647;
			files = (
			);
			inputPaths = (
			);
			name = "Check Pods Manifest.lock";
			outputPaths = (
			);
			runOnlyForDeploymentPostprocessing = 0;
			shellPath = /bin/sh;
			shellScript = "diff \"${PODS_ROOT}/../Podfile.lock\" \"${PODS_ROOT}/Manifest.lock\" > /dev/null\nif [[ $? != 0 ]] ; then\n    cat << EOM\nerror: The sandbox is not in sync with the Podfile.lock. Run 'pod install' or update your CocoaPods installation.\nEOM\n    exit 1\nfi\n";
			showEnvVarsInLog = 0;
		};
		90A6ABF24A85550B3C1BC956 /* Copy Pods Resources */ = {
			isa = PBXShellScriptBuildPhase;
			buildActionMask = 2147483647;
			files = (
			);
			inputPaths = (
			);
			name = "Copy Pods Resources";
			outputPaths = (
			);
			runOnlyForDeploymentPostprocessing = 0;
			shellPath = /bin/sh;
			shellScript = "\"${SRCROOT}/Pods/Target Support Files/Pods/Pods-resources.sh\"\n";
			showEnvVarsInLog = 0;
		};
/* End PBXShellScriptBuildPhase section */

/* Begin PBXSourcesBuildPhase section */
		3ECC3D1F1B4267AE00061BB2 /* Sources */ = {
			isa = PBXSourcesBuildPhase;
			buildActionMask = 2147483647;
			files = (
				3ECC3D2B1B4267AE00061BB2 /* ViewController.swift in Sources */,
				3ECC3D4B1B42682C00061BB2 /* CustomCell.swift in Sources */,
				3ECC3D291B4267AE00061BB2 /* AppDelegate.swift in Sources */,
			);
			runOnlyForDeploymentPostprocessing = 0;
		};
		3ECC3D341B4267AF00061BB2 /* Sources */ = {
			isa = PBXSourcesBuildPhase;
			buildActionMask = 2147483647;
			files = (
				3ECC3D3F1B4267AF00061BB2 /* AutoLayoutButtonInCellTests.swift in Sources */,
			);
			runOnlyForDeploymentPostprocessing = 0;
		};
/* End PBXSourcesBuildPhase section */

/* Begin PBXTargetDependency section */
		3ECC3D3A1B4267AF00061BB2 /* PBXTargetDependency */ = {
			isa = PBXTargetDependency;
			target = 3ECC3D221B4267AE00061BB2 /* AutoLayoutButtonInCell */;
			targetProxy = 3ECC3D391B4267AF00061BB2 /* PBXContainerItemProxy */;
		};
/* End PBXTargetDependency section */

/* Begin PBXVariantGroup section */
		3ECC3D2C1B4267AE00061BB2 /* Main.storyboard */ = {
			isa = PBXVariantGroup;
			children = (
				3ECC3D2D1B4267AE00061BB2 /* Base */,
			);
			name = Main.storyboard;
			sourceTree = "<group>";
		};
		3ECC3D311B4267AE00061BB2 /* LaunchScreen.xib */ = {
			isa = PBXVariantGroup;
			children = (
				3ECC3D321B4267AE00061BB2 /* Base */,
			);
			name = LaunchScreen.xib;
			sourceTree = "<group>";
		};
/* End PBXVariantGroup section */

/* Begin XCBuildConfiguration section */
		3ECC3D401B4267AF00061BB2 /* Debug */ = {
			isa = XCBuildConfiguration;
			buildSettings = {
				ALWAYS_SEARCH_USER_PATHS = NO;
				CLANG_CXX_LANGUAGE_STANDARD = "gnu++0x";
				CLANG_CXX_LIBRARY = "libc++";
				CLANG_ENABLE_MODULES = YES;
				CLANG_ENABLE_OBJC_ARC = YES;
				CLANG_WARN_BOOL_CONVERSION = YES;
				CLANG_WARN_CONSTANT_CONVERSION = YES;
				CLANG_WARN_DIRECT_OBJC_ISA_USAGE = YES_ERROR;
				CLANG_WARN_EMPTY_BODY = YES;
				CLANG_WARN_ENUM_CONVERSION = YES;
				CLANG_WARN_INT_CONVERSION = YES;
				CLANG_WARN_OBJC_ROOT_CLASS = YES_ERROR;
				CLANG_WARN_UNREACHABLE_CODE = YES;
				CLANG_WARN__DUPLICATE_METHOD_MATCH = YES;
				"CODE_SIGN_IDENTITY[sdk=iphoneos*]" = "iPhone Developer";
				COPY_PHASE_STRIP = NO;
				DEBUG_INFORMATION_FORMAT = "dwarf-with-dsym";
				ENABLE_STRICT_OBJC_MSGSEND = YES;
				GCC_C_LANGUAGE_STANDARD = gnu99;
				GCC_DYNAMIC_NO_PIC = NO;
				GCC_NO_COMMON_BLOCKS = YES;
				GCC_OPTIMIZATION_LEVEL = 0;
				GCC_PREPROCESSOR_DEFINITIONS = (
					"DEBUG=1",
					"$(inherited)",
				);
				GCC_SYMBOLS_PRIVATE_EXTERN = NO;
				GCC_WARN_64_TO_32_BIT_CONVERSION = YES;
				GCC_WARN_ABOUT_RETURN_TYPE = YES_ERROR;
				GCC_WARN_UNDECLARED_SELECTOR = YES;
				GCC_WARN_UNINITIALIZED_AUTOS = YES_AGGRESSIVE;
				GCC_WARN_UNUSED_FUNCTION = YES;
				GCC_WARN_UNUSED_VARIABLE = YES;
				IPHONEOS_DEPLOYMENT_TARGET = 8.3;
				MTL_ENABLE_DEBUG_INFO = YES;
				ONLY_ACTIVE_ARCH = YES;
				SDKROOT = iphoneos;
				SWIFT_OPTIMIZATION_LEVEL = "-Onone";
			};
			name = Debug;
		};
		3ECC3D411B4267AF00061BB2 /* Release */ = {
			isa = XCBuildConfiguration;
			buildSettings = {
				ALWAYS_SEARCH_USER_PATHS = NO;
				CLANG_CXX_LANGUAGE_STANDARD = "gnu++0x";
				CLANG_CXX_LIBRARY = "libc++";
				CLANG_ENABLE_MODULES = YES;
				CLANG_ENABLE_OBJC_ARC = YES;
				CLANG_WARN_BOOL_CONVERSION = YES;
				CLANG_WARN_CONSTANT_CONVERSION = YES;
				CLANG_WARN_DIRECT_OBJC_ISA_USAGE = YES_ERROR;
				CLANG_WARN_EMPTY_BODY = YES;
				CLANG_WARN_ENUM_CONVERSION = YES;
				CLANG_WARN_INT_CONVERSION = YES;
				CLANG_WARN_OBJC_ROOT_CLASS = YES_ERROR;
				CLANG_WARN_UNREACHABLE_CODE = YES;
				CLANG_WARN__DUPLICATE_METHOD_MATCH = YES;
				"CODE_SIGN_IDENTITY[sdk=iphoneos*]" = "iPhone Developer";
				COPY_PHASE_STRIP = NO;
				DEBUG_INFORMATION_FORMAT = "dwarf-with-dsym";
				ENABLE_NS_ASSERTIONS = NO;
				ENABLE_STRICT_OBJC_MSGSEND = YES;
				GCC_C_LANGUAGE_STANDARD = gnu99;
				GCC_NO_COMMON_BLOCKS = YES;
				GCC_WARN_64_TO_32_BIT_CONVERSION = YES;
				GCC_WARN_ABOUT_RETURN_TYPE = YES_ERROR;
				GCC_WARN_UNDECLARED_SELECTOR = YES;
				GCC_WARN_UNINITIALIZED_AUTOS = YES_AGGRESSIVE;
				GCC_WARN_UNUSED_FUNCTION = YES;
				GCC_WARN_UNUSED_VARIABLE = YES;
				IPHONEOS_DEPLOYMENT_TARGET = 8.3;
				MTL_ENABLE_DEBUG_INFO = NO;
				SDKROOT = iphoneos;
				VALIDATE_PRODUCT = YES;
			};
			name = Release;
		};
		3ECC3D431B4267AF00061BB2 /* Debug */ = {
			isa = XCBuildConfiguration;
			baseConfigurationReference = C40A8E2096374C7919FC069F /* Pods.debug.xcconfig */;
			buildSettings = {
				ASSETCATALOG_COMPILER_APPICON_NAME = AppIcon;
				INFOPLIST_FILE = AutoLayoutButtonInCell/Info.plist;
				LD_RUNPATH_SEARCH_PATHS = "$(inherited) @executable_path/Frameworks";
				PRODUCT_NAME = "$(TARGET_NAME)";
				SWIFT_OBJC_BRIDGING_HEADER = "AutoLayoutButtonInCell/AutoLayoutButtonInCell-BridgingHeader.h";
			};
			name = Debug;
		};
		3ECC3D441B4267AF00061BB2 /* Release */ = {
			isa = XCBuildConfiguration;
			baseConfigurationReference = 32CD8258B10F47CC8EBD50E9 /* Pods.release.xcconfig */;
			buildSettings = {
				ASSETCATALOG_COMPILER_APPICON_NAME = AppIcon;
				INFOPLIST_FILE = AutoLayoutButtonInCell/Info.plist;
				LD_RUNPATH_SEARCH_PATHS = "$(inherited) @executable_path/Frameworks";
				PRODUCT_NAME = "$(TARGET_NAME)";
				SWIFT_OBJC_BRIDGING_HEADER = "AutoLayoutButtonInCell/AutoLayoutButtonInCell-BridgingHeader.h";
			};
			name = Release;
		};
		3ECC3D461B4267AF00061BB2 /* Debug */ = {
			isa = XCBuildConfiguration;
			buildSettings = {
				BUNDLE_LOADER = "$(TEST_HOST)";
				FRAMEWORK_SEARCH_PATHS = (
					"$(SDKROOT)/Developer/Library/Frameworks",
					"$(inherited)",
				);
				GCC_PREPROCESSOR_DEFINITIONS = (
					"DEBUG=1",
					"$(inherited)",
				);
				INFOPLIST_FILE = AutoLayoutButtonInCellTests/Info.plist;
				LD_RUNPATH_SEARCH_PATHS = "$(inherited) @executable_path/Frameworks @loader_path/Frameworks";
				PRODUCT_NAME = "$(TARGET_NAME)";
				TEST_HOST = "$(BUILT_PRODUCTS_DIR)/AutoLayoutButtonInCell.app/AutoLayoutButtonInCell";
			};
			name = Debug;
		};
		3ECC3D471B4267AF00061BB2 /* Release */ = {
			isa = XCBuildConfiguration;
			buildSettings = {
				BUNDLE_LOADER = "$(TEST_HOST)";
				FRAMEWORK_SEARCH_PATHS = (
					"$(SDKROOT)/Developer/Library/Frameworks",
					"$(inherited)",
				);
				INFOPLIST_FILE = AutoLayoutButtonInCellTests/Info.plist;
				LD_RUNPATH_SEARCH_PATHS = "$(inherited) @executable_path/Frameworks @loader_path/Frameworks";
				PRODUCT_NAME = "$(TARGET_NAME)";
				TEST_HOST = "$(BUILT_PRODUCTS_DIR)/AutoLayoutButtonInCell.app/AutoLayoutButtonInCell";
			};
			name = Release;
		};
/* End XCBuildConfiguration section */

/* Begin XCConfigurationList section */
		3ECC3D1E1B4267AE00061BB2 /* Build configuration list for PBXProject "AutoLayoutButtonInCell" */ = {
			isa = XCConfigurationList;
			buildConfigurations = (
				3ECC3D401B4267AF00061BB2 /* Debug */,
				3ECC3D411B4267AF00061BB2 /* Release */,
			);
			defaultConfigurationIsVisible = 0;
			defaultConfigurationName = Release;
		};
		3ECC3D421B4267AF00061BB2 /* Build configuration list for PBXNativeTarget "AutoLayoutButtonInCell" */ = {
			isa = XCConfigurationList;
			buildConfigurations = (
				3ECC3D431B4267AF00061BB2 /* Debug */,
				3ECC3D441B4267AF00061BB2 /* Release */,
			);
			defaultConfigurationIsVisible = 0;
			defaultConfigurationName = Release;
		};
		3ECC3D451B4267AF00061BB2 /* Build configuration list for PBXNativeTarget "AutoLayoutButtonInCellTests" */ = {
			isa = XCConfigurationList;
			buildConfigurations = (
				3ECC3D461B4267AF00061BB2 /* Debug */,
				3ECC3D471B4267AF00061BB2 /* Release */,
			);
			defaultConfigurationIsVisible = 0;
			defaultConfigurationName = Release;
		};
/* End XCConfigurationList section */
	};
	rootObject = 3ECC3D1B1B4267AE00061BB2 /* Project object */;
}
